# THIS IS AN AUTOGENERATED FILE. DO NOT EDIT THIS FILE DIRECTLY.
# yarn lockfile v1


ffmpeg@^0.0.4:
  version "0.0.4"
  resolved "https://registry.yarnpkg.com/ffmpeg/-/ffmpeg-0.0.4.tgz#1c460df8e7da5127f62ceef4bfa06c59c89630cb"
  integrity sha512-3TgWUJJlZGQn+crJFyhsO/oNeRRnGTy6GhgS98oUCIfZrOW5haPPV7DUfOm3xJcHr5q3TJpjk2GudPutrNisRA==
  dependencies:
    when ">= 0.0.1"

moment@^2.29.4:
  version "2.29.4"
  resolved "https://registry.yarnpkg.com/moment/-/moment-2.29.4.tgz#3dbe052889fe7c1b2ed966fcb3a77328964ef108"
  integrity sha512-5LC9SOxjSc2HF6vO2CyuTDNivEdoz2IvyJJGj6X8DJ0eFyfszE0QiEd+iXmBvUP3WHxSjFH/vIsA0EN00cgr8w==

"when@>= 0.0.1":
  version "3.7.8"
  resolved "https://registry.yarnpkg.com/when/-/when-3.7.8.tgz#c7130b6a7ea04693e842cdc9e7a1f2aa39a39f82"
  integrity sha512-5cZ7mecD3eYcMiCH4wtRPA5iFJZ50BJYDfckI5RRpQiktMiYTcn0ccLTZOvcbBume+1304fQztxeNzNS9Gvrnw==
